
Microsoft Visual Studio Solution File, Format Version 12.00
# Visual Studio 15
VisualStudioVersion = 15.0.28307.852
MinimumVisualStudioVersion = 10.0.40219.1
Project("{FAE04EC0-301F-11D3-BF4B-00C04F79EFBC}") = "WpfAppMVVM_TestSuspend3", "WpfAppMVVM_TestSuspend3\WpfAppMVVM_TestSuspend3.csproj", "{8C31354D-C0FD-4AAA-AB55-1E7E9FE3FF36}"
EndProject
Global
	GlobalSection(SolutionConfigurationPlatforms) = preSolution
		Debug|Any CPU = Debug|Any CPU
		Release|Any CPU = Release|Any CPU
	EndGlobalSection
	GlobalSection(ProjectConfigurationPlatforms) = postSolution
		{8C31354D-C0FD-4AAA-AB55-1E7E9FE3FF36}.Debug|Any CPU.ActiveCfg = Debug|Any CPU
		{8C31354D-C0FD-4AAA-AB55-1E7E9FE3FF36}.Debug|Any CPU.Build.0 = Debug|Any CPU
		{8C31354D-C0FD-4AAA-AB55-1E7E9FE3FF36}.Release|Any CPU.ActiveCfg = Release|Any CPU
		{8C31354D-C0FD-4AAA-AB55-1E7E9FE3FF36}.Release|Any CPU.Build.0 = Release|Any CPU
	EndGlobalSection
	GlobalSection(SolutionProperties) = preSolution
		HideSolutionNode = FALSE
	EndGlobalSection
	GlobalSection(ExtensibilityGlobals) = postSolution
		SolutionGuid = {296D9915-2FE5-4565-804F-228F30766CA4}
	EndGlobalSection
EndGlobal
